
Microsoft Visual Studio Solution File, Format Version 12.00
# Visual Studio 2015
Project("{FAE04EC0-301F-11D3-BF4B-00C04F79EFBC}") = "ProvingMyWorth.CSharp", "ProvingMyWorth.CSharp.csproj", "{58211E58-E947-833F-62F6-BB31BCAD45A0}"
EndProject
Project("{FAE04EC0-301F-11D3-BF4B-00C04F79EFBC}") = "ProvingMyWorth.CSharp.Editor", "ProvingMyWorth.CSharp.Editor.csproj", "{692966A5-F8F2-0D5B-98A5-C5BEB489B412}"
EndProject
Global
	GlobalSection(SolutionConfigurationPlatforms) = preSolution
		Debug|Any CPU = Debug|Any CPU
		Release|Any CPU = Release|Any CPU
	EndGlobalSection
	GlobalSection(ProjectConfigurationPlatforms) = postSolution
		{58211E58-E947-833F-62F6-BB31BCAD45A0}.Debug|Any CPU.ActiveCfg = Debug|Any CPU
		{58211E58-E947-833F-62F6-BB31BCAD45A0}.Debug|Any CPU.Build.0 = Debug|Any CPU
		{58211E58-E947-833F-62F6-BB31BCAD45A0}.Release|Any CPU.ActiveCfg = Release|Any CPU
		{58211E58-E947-833F-62F6-BB31BCAD45A0}.Release|Any CPU.Build.0 = Release|Any CPU
		{692966A5-F8F2-0D5B-98A5-C5BEB489B412}.Debug|Any CPU.ActiveCfg = Debug|Any CPU
		{692966A5-F8F2-0D5B-98A5-C5BEB489B412}.Debug|Any CPU.Build.0 = Debug|Any CPU
		{692966A5-F8F2-0D5B-98A5-C5BEB489B412}.Release|Any CPU.ActiveCfg = Release|Any CPU
		{692966A5-F8F2-0D5B-98A5-C5BEB489B412}.Release|Any CPU.Build.0 = Release|Any CPU
	EndGlobalSection
	GlobalSection(SolutionProperties) = preSolution
		HideSolutionNode = FALSE
	EndGlobalSection
EndGlobal
